
Microsoft Visual Studio Solution File, Format Version 12.00
# Visual Studio Version 17
VisualStudioVersion = 17.6.33801.468
MinimumVisualStudioVersion = 10.0.40219.1
Project("{8BC9CEB8-8B4A-11D0-8D11-00A0C91BC942}") = "ProcedularWorlds", "ProcedularWorlds\ProcedularWorlds.vcxproj", "{F60EE1BE-C4EB-4EAE-B6C5-308423585DB2}"
EndProject
Project("{8BC9CEB8-8B4A-11D0-8D11-00A0C91BC942}") = "SDLWorld", "SDLWorld\SDLWorld.vcxproj", "{7031E471-E4A8-4179-868F-DAED7E206132}"
EndProject
Global
	GlobalSection(SolutionConfigurationPlatforms) = preSolution
		Debug|x64 = Debug|x64
		Debug|x86 = Debug|x86
		Release|x64 = Release|x64
		Release|x86 = Release|x86
	EndGlobalSection
	GlobalSection(ProjectConfigurationPlatforms) = postSolution
		{F60EE1BE-C4EB-4EAE-B6C5-308423585DB2}.Debug|x64.ActiveCfg = Debug|x64
		{F60EE1BE-C4EB-4EAE-B6C5-308423585DB2}.Debug|x64.Build.0 = Debug|x64
		{F60EE1BE-C4EB-4EAE-B6C5-308423585DB2}.Debug|x86.ActiveCfg = Debug|Win32
		{F60EE1BE-C4EB-4EAE-B6C5-308423585DB2}.Debug|x86.Build.0 = Debug|Win32
		{F60EE1BE-C4EB-4EAE-B6C5-308423585DB2}.Release|x64.ActiveCfg = Release|x64
		{F60EE1BE-C4EB-4EAE-B6C5-308423585DB2}.Release|x64.Build.0 = Release|x64
		{F60EE1BE-C4EB-4EAE-B6C5-308423585DB2}.Release|x86.ActiveCfg = Release|Win32
		{F60EE1BE-C4EB-4EAE-B6C5-308423585DB2}.Release|x86.Build.0 = Release|Win32
		{7031E471-E4A8-4179-868F-DAED7E206132}.Debug|x64.ActiveCfg = Debug|x64
		{7031E471-E4A8-4179-868F-DAED7E206132}.Debug|x64.Build.0 = Debug|x64
		{7031E471-E4A8-4179-868F-DAED7E206132}.Debug|x86.ActiveCfg = Debug|Win32
		{7031E471-E4A8-4179-868F-DAED7E206132}.Debug|x86.Build.0 = Debug|Win32
		{7031E471-E4A8-4179-868F-DAED7E206132}.Release|x64.ActiveCfg = Release|x64
		{7031E471-E4A8-4179-868F-DAED7E206132}.Release|x64.Build.0 = Release|x64
		{7031E471-E4A8-4179-868F-DAED7E206132}.Release|x86.ActiveCfg = Release|Win32
		{7031E471-E4A8-4179-868F-DAED7E206132}.Release|x86.Build.0 = Release|Win32
	EndGlobalSection
	GlobalSection(SolutionProperties) = preSolution
		HideSolutionNode = FALSE
	EndGlobalSection
	GlobalSection(ExtensibilityGlobals) = postSolution
		SolutionGuid = {88C66893-D54D-4ABB-A865-733668719BC7}
	EndGlobalSection
EndGlobal
