<?xml version="1.0" encoding="utf-8"?>
<Project ToolsVersion="4.0" xmlns="http://schemas.microsoft.com/developer/msbuild/2003">
  <ItemGroup>
    <ClCompile Include="main.cpp" />
    <ClCompile Include="Renderer\SDLWrapper.cpp" />
    <ClCompile Include="Perlin\Perlin.cpp" />
    <ClCompile Include="Generators\PerlinGenerator.cpp" />
  </ItemGroup>
  <ItemGroup>
    <ClInclude Include="Renderer\SDLWrapper.h" />
    <ClInclude Include="Structs\Color.h" />
    <ClInclude Include="Structs\Vector2.h" />
    <ClInclude Include="Perlin\Perlin.h" />
    <ClInclude Include="Generators\Generator.h" />
    <ClInclude Include="Generators\PerlinGenerator.h" />
  </ItemGroup>
</Project>