<?xml version="1.0" encoding="utf-8"?>
<Project ToolsVersion="4.0" xmlns="http://schemas.microsoft.com/developer/msbuild/2003">
  <ItemGroup>
    <ClCompile Include="main.cpp" />
    <ClCompile Include="Renderer\SDLWrapper.cpp" />
    <ClCompile Include="Perlin\Perlin.cpp" />
    <ClCompile Include="Generators\PerlinGenerator.cpp" />
    <ClCompile Include="Generators\Heightmap.cpp" />
    <ClCompile Include="..\3rdparty\imgui-1.89.4\imgui.cpp">
      <Filter>ImGui</Filter>
    </ClCompile>
    <ClCompile Include="..\3rdparty\imgui-1.89.4\imgui_demo.cpp">
      <Filter>ImGui</Filter>
    </ClCompile>
    <ClCompile Include="..\3rdparty\imgui-1.89.4\imgui_draw.cpp">
      <Filter>ImGui</Filter>
    </ClCompile>
    <ClCompile Include="..\3rdparty\imgui-1.89.4\backends\imgui_impl_sdl2.cpp">
      <Filter>ImGui</Filter>
    </ClCompile>
    <ClCompile Include="..\3rdparty\imgui-1.89.4\backends\imgui_impl_sdlrenderer.cpp">
      <Filter>ImGui</Filter>
    </ClCompile>
    <ClCompile Include="..\3rdparty\imgui-1.89.4\imgui_plot.cpp">
      <Filter>ImGui</Filter>
    </ClCompile>
    <ClCompile Include="..\3rdparty\imgui-1.89.4\imgui_tables.cpp">
      <Filter>ImGui</Filter>
    </ClCompile>
    <ClCompile Include="..\3rdparty\imgui-1.89.4\imgui_widgets.cpp">
      <Filter>ImGui</Filter>
    </ClCompile>
    <ClCompile Include="ImGui\ImGuiWrapper.cpp" />
  </ItemGroup>
  <ItemGroup>
    <ClInclude Include="Renderer\SDLWrapper.h" />
    <ClInclude Include="Structs\Color.h" />
    <ClInclude Include="Structs\Vector2.h" />
    <ClInclude Include="Perlin\Perlin.h" />
    <ClInclude Include="Generators\Generator.h" />
    <ClInclude Include="Generators\PerlinGenerator.h" />
    <ClInclude Include="Generators\Heightmap.h" />
    <ClInclude Include="..\3rdparty\imgui-1.89.4\imconfig.h">
      <Filter>ImGui</Filter>
    </ClInclude>
    <ClInclude Include="..\3rdparty\imgui-1.89.4\imgui.h">
      <Filter>ImGui</Filter>
    </ClInclude>
    <ClInclude Include="..\3rdparty\imgui-1.89.4\backends\imgui_impl_sdl2.h">
      <Filter>ImGui</Filter>
    </ClInclude>
    <ClInclude Include="..\3rdparty\imgui-1.89.4\backends\imgui_impl_sdlrenderer.h">
      <Filter>ImGui</Filter>
    </ClInclude>
    <ClInclude Include="..\3rdparty\imgui-1.89.4\imgui_internal.h">
      <Filter>ImGui</Filter>
    </ClInclude>
    <ClInclude Include="..\3rdparty\imgui-1.89.4\imgui_plot.h">
      <Filter>ImGui</Filter>
    </ClInclude>
    <ClInclude Include="..\3rdparty\imgui-1.89.4\imstb_rectpack.h">
      <Filter>ImGui</Filter>
    </ClInclude>
    <ClInclude Include="..\3rdparty\imgui-1.89.4\imstb_textedit.h">
      <Filter>ImGui</Filter>
    </ClInclude>
    <ClInclude Include="..\3rdparty\imgui-1.89.4\imstb_truetype.h">
      <Filter>ImGui</Filter>
    </ClInclude>
    <ClInclude Include="ImGui\ImGuiWrapper.h" />
  </ItemGroup>
  <ItemGroup>
    <Filter Include="ImGui">
      <UniqueIdentifier>{49ee13bf-f432-4981-aa8e-0df7b83357e9}</UniqueIdentifier>
    </Filter>
  </ItemGroup>
</Project>